
Microsoft Visual Studio Solution File, Format Version 12.00
# Visual Studio Version 17
VisualStudioVersion = 17.4.33403.182
MinimumVisualStudioVersion = 10.0.40219.1
Project("{2150E333-8FDC-42A3-9474-1A3956D46DE8}") = "Core", "Core", "{38CCCAE9-3F6F-4ABF-A1F4-B341609D1F1D}"
EndProject
Project("{2150E333-8FDC-42A3-9474-1A3956D46DE8}") = "Infrastructure", "Infrastructure", "{FE18CC07-03E6-4C47-9E98-81B7AEAC9CE1}"
EndProject
Project("{2150E333-8FDC-42A3-9474-1A3956D46DE8}") = "Presentation", "Presentation", "{BCC78556-3040-4F3F-B213-843EB1B509A1}"
EndProject
Project("{9A19103F-16F7-4668-BE54-9A1E7A4F7556}") = "UAS.Domain", "Core\UAS.Domain\UAS.Domain.csproj", "{730A97C4-7289-448B-86F4-20F1FB426553}"
EndProject
Project("{9A19103F-16F7-4668-BE54-9A1E7A4F7556}") = "UAS.Application", "Core\UAS.Application\UAS.Application.csproj", "{1C4D1BB9-46C3-419F-8722-938E952FA2B5}"
EndProject
Project("{9A19103F-16F7-4668-BE54-9A1E7A4F7556}") = "UAS.Infrastructure", "Infrastructure\UAS.Infrastructure\UAS.Infrastructure.csproj", "{76277E68-951A-4BEA-A515-CE702AA70EEA}"
EndProject
Project("{9A19103F-16F7-4668-BE54-9A1E7A4F7556}") = "UAS.Persistence", "Infrastructure\UAS.Persistence\UAS.Persistence.csproj", "{C12FEE2E-9049-48D1-B746-A7FCCE1846F9}"
EndProject
Project("{9A19103F-16F7-4668-BE54-9A1E7A4F7556}") = "UAS.UI", "Presentation\UAS.UI\UAS.UI.csproj", "{A8EABA42-0F1A-44FC-9BC9-65411F112D8B}"
EndProject
Project("{9A19103F-16F7-4668-BE54-9A1E7A4F7556}") = "UAS.EnvironmentConfiguration", "Core\UAS.EnvironmentConfiguration\UAS.EnvironmentConfiguration.csproj", "{6559829E-DADB-4A72-B458-9C09CD6A7ED7}"
EndProject
Project("{2150E333-8FDC-42A3-9474-1A3956D46DE8}") = "Services", "Services", "{035009C2-AEB2-4E04-A9E7-086177CE1155}"
EndProject
Project("{2150E333-8FDC-42A3-9474-1A3956D46DE8}") = "WorkerServices", "WorkerServices", "{18B66A99-39DB-4C09-A8F7-E1A99FAA22EB}"
EndProject
Project("{FAE04EC0-301F-11D3-BF4B-00C04F79EFBC}") = "CreateMenuPanelExcel", "Services\WorkerServices\CreateMenuPanelExcel\CreateMenuPanelExcel.csproj", "{3B120741-701A-4496-8779-F6A09151C9C9}"
EndProject
Global
	GlobalSection(SolutionConfigurationPlatforms) = preSolution
		Debug|Any CPU = Debug|Any CPU
		Release|Any CPU = Release|Any CPU
	EndGlobalSection
	GlobalSection(ProjectConfigurationPlatforms) = postSolution
		{730A97C4-7289-448B-86F4-20F1FB426553}.Debug|Any CPU.ActiveCfg = Debug|Any CPU
		{730A97C4-7289-448B-86F4-20F1FB426553}.Debug|Any CPU.Build.0 = Debug|Any CPU
		{730A97C4-7289-448B-86F4-20F1FB426553}.Release|Any CPU.ActiveCfg = Release|Any CPU
		{730A97C4-7289-448B-86F4-20F1FB426553}.Release|Any CPU.Build.0 = Release|Any CPU
		{1C4D1BB9-46C3-419F-8722-938E952FA2B5}.Debug|Any CPU.ActiveCfg = Debug|Any CPU
		{1C4D1BB9-46C3-419F-8722-938E952FA2B5}.Debug|Any CPU.Build.0 = Debug|Any CPU
		{1C4D1BB9-46C3-419F-8722-938E952FA2B5}.Release|Any CPU.ActiveCfg = Release|Any CPU
		{1C4D1BB9-46C3-419F-8722-938E952FA2B5}.Release|Any CPU.Build.0 = Release|Any CPU
		{76277E68-951A-4BEA-A515-CE702AA70EEA}.Debug|Any CPU.ActiveCfg = Debug|Any CPU
		{76277E68-951A-4BEA-A515-CE702AA70EEA}.Debug|Any CPU.Build.0 = Debug|Any CPU
		{76277E68-951A-4BEA-A515-CE702AA70EEA}.Release|Any CPU.ActiveCfg = Release|Any CPU
		{76277E68-951A-4BEA-A515-CE702AA70EEA}.Release|Any CPU.Build.0 = Release|Any CPU
		{C12FEE2E-9049-48D1-B746-A7FCCE1846F9}.Debug|Any CPU.ActiveCfg = Debug|Any CPU
		{C12FEE2E-9049-48D1-B746-A7FCCE1846F9}.Debug|Any CPU.Build.0 = Debug|Any CPU
		{C12FEE2E-9049-48D1-B746-A7FCCE1846F9}.Release|Any CPU.ActiveCfg = Release|Any CPU
		{C12FEE2E-9049-48D1-B746-A7FCCE1846F9}.Release|Any CPU.Build.0 = Release|Any CPU
		{A8EABA42-0F1A-44FC-9BC9-65411F112D8B}.Debug|Any CPU.ActiveCfg = Debug|Any CPU
		{A8EABA42-0F1A-44FC-9BC9-65411F112D8B}.Debug|Any CPU.Build.0 = Debug|Any CPU
		{A8EABA42-0F1A-44FC-9BC9-65411F112D8B}.Release|Any CPU.ActiveCfg = Release|Any CPU
		{A8EABA42-0F1A-44FC-9BC9-65411F112D8B}.Release|Any CPU.Build.0 = Release|Any CPU
		{6559829E-DADB-4A72-B458-9C09CD6A7ED7}.Debug|Any CPU.ActiveCfg = Debug|Any CPU
		{6559829E-DADB-4A72-B458-9C09CD6A7ED7}.Debug|Any CPU.Build.0 = Debug|Any CPU
		{6559829E-DADB-4A72-B458-9C09CD6A7ED7}.Release|Any CPU.ActiveCfg = Release|Any CPU
		{6559829E-DADB-4A72-B458-9C09CD6A7ED7}.Release|Any CPU.Build.0 = Release|Any CPU
		{3B120741-701A-4496-8779-F6A09151C9C9}.Debug|Any CPU.ActiveCfg = Debug|Any CPU
		{3B120741-701A-4496-8779-F6A09151C9C9}.Debug|Any CPU.Build.0 = Debug|Any CPU
		{3B120741-701A-4496-8779-F6A09151C9C9}.Release|Any CPU.ActiveCfg = Release|Any CPU
		{3B120741-701A-4496-8779-F6A09151C9C9}.Release|Any CPU.Build.0 = Release|Any CPU
	EndGlobalSection
	GlobalSection(SolutionProperties) = preSolution
		HideSolutionNode = FALSE
	EndGlobalSection
	GlobalSection(NestedProjects) = preSolution
		{730A97C4-7289-448B-86F4-20F1FB426553} = {38CCCAE9-3F6F-4ABF-A1F4-B341609D1F1D}
		{1C4D1BB9-46C3-419F-8722-938E952FA2B5} = {38CCCAE9-3F6F-4ABF-A1F4-B341609D1F1D}
		{76277E68-951A-4BEA-A515-CE702AA70EEA} = {FE18CC07-03E6-4C47-9E98-81B7AEAC9CE1}
		{C12FEE2E-9049-48D1-B746-A7FCCE1846F9} = {FE18CC07-03E6-4C47-9E98-81B7AEAC9CE1}
		{A8EABA42-0F1A-44FC-9BC9-65411F112D8B} = {BCC78556-3040-4F3F-B213-843EB1B509A1}
		{6559829E-DADB-4A72-B458-9C09CD6A7ED7} = {38CCCAE9-3F6F-4ABF-A1F4-B341609D1F1D}
		{035009C2-AEB2-4E04-A9E7-086177CE1155} = {BCC78556-3040-4F3F-B213-843EB1B509A1}
		{18B66A99-39DB-4C09-A8F7-E1A99FAA22EB} = {035009C2-AEB2-4E04-A9E7-086177CE1155}
		{3B120741-701A-4496-8779-F6A09151C9C9} = {18B66A99-39DB-4C09-A8F7-E1A99FAA22EB}
	EndGlobalSection
	GlobalSection(ExtensibilityGlobals) = postSolution
		SolutionGuid = {63DFA06E-337E-4155-89EF-E814D82061BC}
	EndGlobalSection
EndGlobal
